
Microsoft Visual Studio Solution File, Format Version 12.00
# Visual Studio Version 17
VisualStudioVersion = 17.0.31903.59
MinimumVisualStudioVersion = 10.0.40219.1
Project("{FAE04EC0-301F-11D3-BF4B-00C04F79EFBC}") = "Tata.DeviceManagement.Domain", "Tata.DeviceManagement.Domain\Tata.DeviceManagement.Domain.csproj", "{FDEA912F-1330-4D37-BCC4-ACC403F313F5}"
EndProject
Project("{FAE04EC0-301F-11D3-BF4B-00C04F79EFBC}") = "Tata.DeviceManagement.Application", "Tata.DeviceManagement.Application\Tata.DeviceManagement.Application.csproj", "{093090AB-DBED-49DA-A2E0-533F815FDF65}"
EndProject
Project("{FAE04EC0-301F-11D3-BF4B-00C04F79EFBC}") = "Tata.DeviceManagement.Infrastructure", "Tata.DeviceManagement.Infrastructure\Tata.DeviceManagement.Infrastructure.csproj", "{7AA69E59-9533-4162-A210-2161082C1E28}"
EndProject
Project("{FAE04EC0-301F-11D3-BF4B-00C04F79EFBC}") = "Tata.DeviceManagement.API", "Tata.DeviceManagement.API\Tata.DeviceManagement.API.csproj", "{5ECB4D3B-13E0-4213-90F8-8FE54E0F3B17}"
EndProject
Global
	GlobalSection(SolutionConfigurationPlatforms) = preSolution
		Debug|Any CPU = Debug|Any CPU
		Debug|x64 = Debug|x64
		Debug|x86 = Debug|x86
		Release|Any CPU = Release|Any CPU
		Release|x64 = Release|x64
		Release|x86 = Release|x86
	EndGlobalSection
	GlobalSection(ProjectConfigurationPlatforms) = postSolution
		{FDEA912F-1330-4D37-BCC4-ACC403F313F5}.Debug|Any CPU.ActiveCfg = Debug|Any CPU
		{FDEA912F-1330-4D37-BCC4-ACC403F313F5}.Debug|Any CPU.Build.0 = Debug|Any CPU
		{FDEA912F-1330-4D37-BCC4-ACC403F313F5}.Debug|x64.ActiveCfg = Debug|Any CPU
		{FDEA912F-1330-4D37-BCC4-ACC403F313F5}.Debug|x64.Build.0 = Debug|Any CPU
		{FDEA912F-1330-4D37-BCC4-ACC403F313F5}.Debug|x86.ActiveCfg = Debug|Any CPU
		{FDEA912F-1330-4D37-BCC4-ACC403F313F5}.Debug|x86.Build.0 = Debug|Any CPU
		{FDEA912F-1330-4D37-BCC4-ACC403F313F5}.Release|Any CPU.ActiveCfg = Release|Any CPU
		{FDEA912F-1330-4D37-BCC4-ACC403F313F5}.Release|Any CPU.Build.0 = Release|Any CPU
		{FDEA912F-1330-4D37-BCC4-ACC403F313F5}.Release|x64.ActiveCfg = Release|Any CPU
		{FDEA912F-1330-4D37-BCC4-ACC403F313F5}.Release|x64.Build.0 = Release|Any CPU
		{FDEA912F-1330-4D37-BCC4-ACC403F313F5}.Release|x86.ActiveCfg = Release|Any CPU
		{FDEA912F-1330-4D37-BCC4-ACC403F313F5}.Release|x86.Build.0 = Release|Any CPU
		{093090AB-DBED-49DA-A2E0-533F815FDF65}.Debug|Any CPU.ActiveCfg = Debug|Any CPU
		{093090AB-DBED-49DA-A2E0-533F815FDF65}.Debug|Any CPU.Build.0 = Debug|Any CPU
		{093090AB-DBED-49DA-A2E0-533F815FDF65}.Debug|x64.ActiveCfg = Debug|Any CPU
		{093090AB-DBED-49DA-A2E0-533F815FDF65}.Debug|x64.Build.0 = Debug|Any CPU
		{093090AB-DBED-49DA-A2E0-533F815FDF65}.Debug|x86.ActiveCfg = Debug|Any CPU
		{093090AB-DBED-49DA-A2E0-533F815FDF65}.Debug|x86.Build.0 = Debug|Any CPU
		{093090AB-DBED-49DA-A2E0-533F815FDF65}.Release|Any CPU.ActiveCfg = Release|Any CPU
		{093090AB-DBED-49DA-A2E0-533F815FDF65}.Release|Any CPU.Build.0 = Release|Any CPU
		{093090AB-DBED-49DA-A2E0-533F815FDF65}.Release|x64.ActiveCfg = Release|Any CPU
		{093090AB-DBED-49DA-A2E0-533F815FDF65}.Release|x64.Build.0 = Release|Any CPU
		{093090AB-DBED-49DA-A2E0-533F815FDF65}.Release|x86.ActiveCfg = Release|Any CPU
		{093090AB-DBED-49DA-A2E0-533F815FDF65}.Release|x86.Build.0 = Release|Any CPU
		{7AA69E59-9533-4162-A210-2161082C1E28}.Debug|Any CPU.ActiveCfg = Debug|Any CPU
		{7AA69E59-9533-4162-A210-2161082C1E28}.Debug|Any CPU.Build.0 = Debug|Any CPU
		{7AA69E59-9533-4162-A210-2161082C1E28}.Debug|x64.ActiveCfg = Debug|Any CPU
		{7AA69E59-9533-4162-A210-2161082C1E28}.Debug|x64.Build.0 = Debug|Any CPU
		{7AA69E59-9533-4162-A210-2161082C1E28}.Debug|x86.ActiveCfg = Debug|Any CPU
		{7AA69E59-9533-4162-A210-2161082C1E28}.Debug|x86.Build.0 = Debug|Any CPU
		{7AA69E59-9533-4162-A210-2161082C1E28}.Release|Any CPU.ActiveCfg = Release|Any CPU
		{7AA69E59-9533-4162-A210-2161082C1E28}.Release|Any CPU.Build.0 = Release|Any CPU
		{7AA69E59-9533-4162-A210-2161082C1E28}.Release|x64.ActiveCfg = Release|Any CPU
		{7AA69E59-9533-4162-A210-2161082C1E28}.Release|x64.Build.0 = Release|Any CPU
		{7AA69E59-9533-4162-A210-2161082C1E28}.Release|x86.ActiveCfg = Release|Any CPU
		{7AA69E59-9533-4162-A210-2161082C1E28}.Release|x86.Build.0 = Release|Any CPU
		{5ECB4D3B-13E0-4213-90F8-8FE54E0F3B17}.Debug|Any CPU.ActiveCfg = Debug|Any CPU
		{5ECB4D3B-13E0-4213-90F8-8FE54E0F3B17}.Debug|Any CPU.Build.0 = Debug|Any CPU
		{5ECB4D3B-13E0-4213-90F8-8FE54E0F3B17}.Debug|x64.ActiveCfg = Debug|Any CPU
		{5ECB4D3B-13E0-4213-90F8-8FE54E0F3B17}.Debug|x64.Build.0 = Debug|Any CPU
		{5ECB4D3B-13E0-4213-90F8-8FE54E0F3B17}.Debug|x86.ActiveCfg = Debug|Any CPU
		{5ECB4D3B-13E0-4213-90F8-8FE54E0F3B17}.Debug|x86.Build.0 = Debug|Any CPU
		{5ECB4D3B-13E0-4213-90F8-8FE54E0F3B17}.Release|Any CPU.ActiveCfg = Release|Any CPU
		{5ECB4D3B-13E0-4213-90F8-8FE54E0F3B17}.Release|Any CPU.Build.0 = Release|Any CPU
		{5ECB4D3B-13E0-4213-90F8-8FE54E0F3B17}.Release|x64.ActiveCfg = Release|Any CPU
		{5ECB4D3B-13E0-4213-90F8-8FE54E0F3B17}.Release|x64.Build.0 = Release|Any CPU
		{5ECB4D3B-13E0-4213-90F8-8FE54E0F3B17}.Release|x86.ActiveCfg = Release|Any CPU
		{5ECB4D3B-13E0-4213-90F8-8FE54E0F3B17}.Release|x86.Build.0 = Release|Any CPU
	EndGlobalSection
	GlobalSection(SolutionProperties) = preSolution
		HideSolutionNode = FALSE
	EndGlobalSection
EndGlobal
